
Microsoft Visual Studio Solution File, Format Version 12.00
# Visual Studio Version 17
VisualStudioVersion = 17.0.31903.59
MinimumVisualStudioVersion = 10.0.40219.1
Project("{FAE04EC0-301F-11D3-BF4B-00C04F79EFBC}") = "Ddtk.Cli", "Ddtk.Cli\Ddtk.Cli.csproj", "{B4CC7229-1049-49B3-8E21-0B808D3CA07B}"
EndProject
Project("{FAE04EC0-301F-11D3-BF4B-00C04F79EFBC}") = "Ddtk.EpubWordExtractor.Cli", "Ddtk.EpubWordExtractor.Cli\Ddtk.EpubWordExtractor.Cli.csproj", "{C67524C8-091E-4A3A-84A6-79E52A76FA36}"
EndProject
Project("{2150E333-8FDC-42A3-9474-1A3956D46DE8}") = "SolutionFiles", "SolutionFiles", "{0283D887-2EC0-4369-8265-91DC6A519E01}"
	ProjectSection(SolutionItems) = preProject
		LICENSE = LICENSE
		readme.md = readme.md
		.gitignore = .gitignore
		c-shim\marisa_c_shim.cpp = c-shim\marisa_c_shim.cpp
		c-shim\marisa_c_shim.h = c-shim\marisa_c_shim.h
		c-shim\build_c_shim.sh = c-shim\build_c_shim.sh
		AGENTS.md = AGENTS.md
	EndProjectSection
EndProject
Project("{FAE04EC0-301F-11D3-BF4B-00C04F79EFBC}") = "Ddtk.Business", "Ddtk.Business\Ddtk.Business.csproj", "{B9F037AD-3E93-44E8-8F2B-E2D73ED72F81}"
EndProject
Project("{FAE04EC0-301F-11D3-BF4B-00C04F79EFBC}") = "Ddtk.Domain", "Ddtk.Domain\Ddtk.Domain.csproj", "{882FDBF5-BFF2-4100-A014-83B2906145D0}"
EndProject
Project("{FAE04EC0-301F-11D3-BF4B-00C04F79EFBC}") = "Ddtk.Tests", "Ddtk.Tests\Ddtk.Tests.csproj", "{3AB8F869-A85E-4070-A8E2-40488A3A6183}"
EndProject
Global
	GlobalSection(SolutionConfigurationPlatforms) = preSolution
		Debug|Any CPU = Debug|Any CPU
		Debug|x64 = Debug|x64
		Debug|x86 = Debug|x86
		Release|Any CPU = Release|Any CPU
		Release|x64 = Release|x64
		Release|x86 = Release|x86
	EndGlobalSection
	GlobalSection(ProjectConfigurationPlatforms) = postSolution
		{B4CC7229-1049-49B3-8E21-0B808D3CA07B}.Debug|Any CPU.ActiveCfg = Debug|Any CPU
		{B4CC7229-1049-49B3-8E21-0B808D3CA07B}.Debug|Any CPU.Build.0 = Debug|Any CPU
		{B4CC7229-1049-49B3-8E21-0B808D3CA07B}.Debug|x64.ActiveCfg = Debug|Any CPU
		{B4CC7229-1049-49B3-8E21-0B808D3CA07B}.Debug|x64.Build.0 = Debug|Any CPU
		{B4CC7229-1049-49B3-8E21-0B808D3CA07B}.Debug|x86.ActiveCfg = Debug|Any CPU
		{B4CC7229-1049-49B3-8E21-0B808D3CA07B}.Debug|x86.Build.0 = Debug|Any CPU
		{B4CC7229-1049-49B3-8E21-0B808D3CA07B}.Release|Any CPU.ActiveCfg = Release|Any CPU
		{B4CC7229-1049-49B3-8E21-0B808D3CA07B}.Release|Any CPU.Build.0 = Release|Any CPU
		{B4CC7229-1049-49B3-8E21-0B808D3CA07B}.Release|x64.ActiveCfg = Release|Any CPU
		{B4CC7229-1049-49B3-8E21-0B808D3CA07B}.Release|x64.Build.0 = Release|Any CPU
		{B4CC7229-1049-49B3-8E21-0B808D3CA07B}.Release|x86.ActiveCfg = Release|Any CPU
		{B4CC7229-1049-49B3-8E21-0B808D3CA07B}.Release|x86.Build.0 = Release|Any CPU
		{C67524C8-091E-4A3A-84A6-79E52A76FA36}.Debug|Any CPU.ActiveCfg = Debug|Any CPU
		{C67524C8-091E-4A3A-84A6-79E52A76FA36}.Debug|Any CPU.Build.0 = Debug|Any CPU
		{C67524C8-091E-4A3A-84A6-79E52A76FA36}.Debug|x64.ActiveCfg = Debug|Any CPU
		{C67524C8-091E-4A3A-84A6-79E52A76FA36}.Debug|x64.Build.0 = Debug|Any CPU
		{C67524C8-091E-4A3A-84A6-79E52A76FA36}.Debug|x86.ActiveCfg = Debug|Any CPU
		{C67524C8-091E-4A3A-84A6-79E52A76FA36}.Debug|x86.Build.0 = Debug|Any CPU
		{C67524C8-091E-4A3A-84A6-79E52A76FA36}.Release|Any CPU.ActiveCfg = Release|Any CPU
		{C67524C8-091E-4A3A-84A6-79E52A76FA36}.Release|Any CPU.Build.0 = Release|Any CPU
		{C67524C8-091E-4A3A-84A6-79E52A76FA36}.Release|x64.ActiveCfg = Release|Any CPU
		{C67524C8-091E-4A3A-84A6-79E52A76FA36}.Release|x64.Build.0 = Release|Any CPU
		{C67524C8-091E-4A3A-84A6-79E52A76FA36}.Release|x86.ActiveCfg = Release|Any CPU
		{C67524C8-091E-4A3A-84A6-79E52A76FA36}.Release|x86.Build.0 = Release|Any CPU
		{B9F037AD-3E93-44E8-8F2B-E2D73ED72F81}.Debug|Any CPU.ActiveCfg = Debug|Any CPU
		{B9F037AD-3E93-44E8-8F2B-E2D73ED72F81}.Debug|Any CPU.Build.0 = Debug|Any CPU
		{B9F037AD-3E93-44E8-8F2B-E2D73ED72F81}.Debug|x64.ActiveCfg = Debug|Any CPU
		{B9F037AD-3E93-44E8-8F2B-E2D73ED72F81}.Debug|x64.Build.0 = Debug|Any CPU
		{B9F037AD-3E93-44E8-8F2B-E2D73ED72F81}.Debug|x86.ActiveCfg = Debug|Any CPU
		{B9F037AD-3E93-44E8-8F2B-E2D73ED72F81}.Debug|x86.Build.0 = Debug|Any CPU
		{B9F037AD-3E93-44E8-8F2B-E2D73ED72F81}.Release|Any CPU.ActiveCfg = Release|Any CPU
		{B9F037AD-3E93-44E8-8F2B-E2D73ED72F81}.Release|Any CPU.Build.0 = Release|Any CPU
		{B9F037AD-3E93-44E8-8F2B-E2D73ED72F81}.Release|x64.ActiveCfg = Release|Any CPU
		{B9F037AD-3E93-44E8-8F2B-E2D73ED72F81}.Release|x64.Build.0 = Release|Any CPU
		{B9F037AD-3E93-44E8-8F2B-E2D73ED72F81}.Release|x86.ActiveCfg = Release|Any CPU
		{B9F037AD-3E93-44E8-8F2B-E2D73ED72F81}.Release|x86.Build.0 = Release|Any CPU
		{882FDBF5-BFF2-4100-A014-83B2906145D0}.Debug|Any CPU.ActiveCfg = Debug|Any CPU
		{882FDBF5-BFF2-4100-A014-83B2906145D0}.Debug|Any CPU.Build.0 = Debug|Any CPU
		{882FDBF5-BFF2-4100-A014-83B2906145D0}.Debug|x64.ActiveCfg = Debug|Any CPU
		{882FDBF5-BFF2-4100-A014-83B2906145D0}.Debug|x64.Build.0 = Debug|Any CPU
		{882FDBF5-BFF2-4100-A014-83B2906145D0}.Debug|x86.ActiveCfg = Debug|Any CPU
		{882FDBF5-BFF2-4100-A014-83B2906145D0}.Debug|x86.Build.0 = Debug|Any CPU
		{882FDBF5-BFF2-4100-A014-83B2906145D0}.Release|Any CPU.ActiveCfg = Release|Any CPU
		{882FDBF5-BFF2-4100-A014-83B2906145D0}.Release|Any CPU.Build.0 = Release|Any CPU
		{882FDBF5-BFF2-4100-A014-83B2906145D0}.Release|x64.ActiveCfg = Release|Any CPU
		{882FDBF5-BFF2-4100-A014-83B2906145D0}.Release|x64.Build.0 = Release|Any CPU
		{882FDBF5-BFF2-4100-A014-83B2906145D0}.Release|x86.ActiveCfg = Release|Any CPU
		{882FDBF5-BFF2-4100-A014-83B2906145D0}.Release|x86.Build.0 = Release|Any CPU
		{3AB8F869-A85E-4070-A8E2-40488A3A6183}.Debug|Any CPU.ActiveCfg = Debug|Any CPU
		{3AB8F869-A85E-4070-A8E2-40488A3A6183}.Debug|Any CPU.Build.0 = Debug|Any CPU
		{3AB8F869-A85E-4070-A8E2-40488A3A6183}.Debug|x64.ActiveCfg = Debug|Any CPU
		{3AB8F869-A85E-4070-A8E2-40488A3A6183}.Debug|x64.Build.0 = Debug|Any CPU
		{3AB8F869-A85E-4070-A8E2-40488A3A6183}.Debug|x86.ActiveCfg = Debug|Any CPU
		{3AB8F869-A85E-4070-A8E2-40488A3A6183}.Debug|x86.Build.0 = Debug|Any CPU
		{3AB8F869-A85E-4070-A8E2-40488A3A6183}.Release|Any CPU.ActiveCfg = Release|Any CPU
		{3AB8F869-A85E-4070-A8E2-40488A3A6183}.Release|Any CPU.Build.0 = Release|Any CPU
		{3AB8F869-A85E-4070-A8E2-40488A3A6183}.Release|x64.ActiveCfg = Release|Any CPU
		{3AB8F869-A85E-4070-A8E2-40488A3A6183}.Release|x64.Build.0 = Release|Any CPU
		{3AB8F869-A85E-4070-A8E2-40488A3A6183}.Release|x86.ActiveCfg = Release|Any CPU
		{3AB8F869-A85E-4070-A8E2-40488A3A6183}.Release|x86.Build.0 = Release|Any CPU
	EndGlobalSection
	GlobalSection(SolutionProperties) = preSolution
		HideSolutionNode = FALSE
	EndGlobalSection
EndGlobal
